// !$*UTF8*$!
{
	archiveVersion = 1;
	classes = {
	};
	objectVersion = 50;
	objects = {

/* Begin PBXBuildFile section */
		C57400A324EF6801008FAC79 /* AppDelegate.swift in Sources */ = {isa = PBXBuildFile; fileRef = C57400A224EF6801008FAC79 /* AppDelegate.swift */; };
		C57400A524EF6801008FAC79 /* SceneDelegate.swift in Sources */ = {isa = PBXBuildFile; fileRef = C57400A424EF6801008FAC79 /* SceneDelegate.swift */; };
		C57400A724EF6801008FAC79 /* ViewController.swift in Sources */ = {isa = PBXBuildFile; fileRef = C57400A624EF6801008FAC79 /* ViewController.swift */; };
		C57400AA24EF6801008FAC79 /* Main.storyboard in Resources */ = {isa = PBXBuildFile; fileRef = C57400A824EF6801008FAC79 /* Main.storyboard */; };
		C57400AC24EF6802008FAC79 /* Assets.xcassets in Resources */ = {isa = PBXBuildFile; fileRef = C57400AB24EF6802008FAC79 /* Assets.xcassets */; };
		C57400AF24EF6802008FAC79 /* LaunchScreen.storyboard in Resources */ = {isa = PBXBuildFile; fileRef = C57400AD24EF6802008FAC79 /* LaunchScreen.storyboard */; };
		C57400B824EF683B008FAC79 /* Event.swift in Sources */ = {isa = PBXBuildFile; fileRef = C57400B724EF683B008FAC79 /* Event.swift */; };
		C57400BA24EF68CC008FAC79 /* Attendee.swift in Sources */ = {isa = PBXBuildFile; fileRef = C57400B924EF68CC008FAC79 /* Attendee.swift */; };
/* End PBXBuildFile section */

/* Begin PBXFileReference section */
		C574009F24EF6801008FAC79 /* TDCMemoryManagement.app */ = {isa = PBXFileReference; explicitFileType = wrapper.application; includeInIndex = 0; path = TDCMemoryManagement.app; sourceTree = BUILT_PRODUCTS_DIR; };
		C57400A224EF6801008FAC79 /* AppDelegate.swift */ = {isa = PBXFileReference; lastKnownFileType = sourcecode.swift; path = AppDelegate.swift; sourceTree = "<group>"; };
		C57400A424EF6801008FAC79 /* SceneDelegate.swift */ = {isa = PBXFileReference; lastKnownFileType = sourcecode.swift; path = SceneDelegate.swift; sourceTree = "<group>"; };
		C57400A624EF6801008FAC79 /* ViewController.swift */ = {isa = PBXFileReference; lastKnownFileType = sourcecode.swift; path = ViewController.swift; sourceTree = "<group>"; };
		C57400A924EF6801008FAC79 /* Base */ = {isa = PBXFileReference; lastKnownFileType = file.storyboard; name = Base; path = Base.lproj/Main.storyboard; sourceTree = "<group>"; };
		C57400AB24EF6802008FAC79 /* Assets.xcassets */ = {isa = PBXFileReference; lastKnownFileType = folder.assetcatalog; path = Assets.xcassets; sourceTree = "<group>"; };
		C57400AE24EF6802008FAC79 /* Base */ = {isa = PBXFileReference; lastKnownFileType = file.storyboard; name = Base; path = Base.lproj/LaunchScreen.storyboard; sourceTree = "<group>"; };
		C57400B024EF6802008FAC79 /* Info.plist */ = {isa = PBXFileReference; lastKnownFileType = text.plist.xml; path = Info.plist; sourceTree = "<group>"; };
		C57400B724EF683B008FAC79 /* Event.swift */ = {isa = PBXFileReference; lastKnownFileType = sourcecode.swift; path = Event.swift; sourceTree = "<group>"; };
		C57400B924EF68CC008FAC79 /* Attendee.swift */ = {isa = PBXFileReference; lastKnownFileType = sourcecode.swift; path = Attendee.swift; sourceTree = "<group>"; };
/* End PBXFileReference section */

/* Begin PBXFrameworksBuildPhase section */
		C574009C24EF6801008FAC79 /* Frameworks */ = {
			isa = PBXFrameworksBuildPhase;
			buildActionMask = 2147483647;
			files = (
			);
			runOnlyForDeploymentPostprocessing = 0;
		};
/* End PBXFrameworksBuildPhase section */

/* Begin PBXGroup section */
		C574009624EF6801008FAC79 = {
			isa = PBXGroup;
			children = (
				C57400A124EF6801008FAC79 /* TDCMemoryManagement */,
				C57400A024EF6801008FAC79 /* Products */,
			);
			sourceTree = "<group>";
		};
		C57400A024EF6801008FAC79 /* Products */ = {
			isa = PBXGroup;
			children = (
				C574009F24EF6801008FAC79 /* TDCMemoryManagement.app */,
			);
			name = Products;
			sourceTree = "<group>";
		};
		C57400A124EF6801008FAC79 /* TDCMemoryManagement */ = {
			isa = PBXGroup;
			children = (
				C57400A624EF6801008FAC79 /* ViewController.swift */,
				C57400B724EF683B008FAC79 /* Event.swift */,
				C57400B924EF68CC008FAC79 /* Attendee.swift */,
				C57400B624EF680D008FAC79 /* SystemArchives */,
			);
			path = TDCMemoryManagement;
			sourceTree = "<group>";
		};
		C57400B624EF680D008FAC79 /* SystemArchives */ = {
			isa = PBXGroup;
			children = (
				C57400A224EF6801008FAC79 /* AppDelegate.swift */,
				C57400A424EF6801008FAC79 /* SceneDelegate.swift */,
				C57400A824EF6801008FAC79 /* Main.storyboard */,
				C57400AB24EF6802008FAC79 /* Assets.xcassets */,
				C57400AD24EF6802008FAC79 /* LaunchScreen.storyboard */,
				C57400B024EF6802008FAC79 /* Info.plist */,
			);
			name = SystemArchives;
			sourceTree = "<group>";
		};
/* End PBXGroup section */

/* Begin PBXNativeTarget section */
		C574009E24EF6801008FAC79 /* TDCMemoryManagement */ = {
			isa = PBXNativeTarget;
			buildConfigurationList = C57400B324EF6802008FAC79 /* Build configuration list for PBXNativeTarget "TDCMemoryManagement" */;
			buildPhases = (
				C574009B24EF6801008FAC79 /* Sources */,
				C574009C24EF6801008FAC79 /* Frameworks */,
				C574009D24EF6801008FAC79 /* Resources */,
			);
			buildRules = (
			);
			dependencies = (
			);
			name = TDCMemoryManagement;
			productName = TDCMemoryManagement;
			productReference = C574009F24EF6801008FAC79 /* TDCMemoryManagement.app */;
			productType = "com.apple.product-type.application";
		};
/* End PBXNativeTarget section */

/* Begin PBXProject section */
		C574009724EF6801008FAC79 /* Project object */ = {
			isa = PBXProject;
			attributes = {
				LastSwiftUpdateCheck = 1160;
				LastUpgradeCheck = 1160;
				ORGANIZATIONNAME = "Renata Faria";
				TargetAttributes = {
					C574009E24EF6801008FAC79 = {
						CreatedOnToolsVersion = 11.6;
					};
				};
			};
			buildConfigurationList = C574009A24EF6801008FAC79 /* Build configuration list for PBXProject "TDCMemoryManagement" */;
			compatibilityVersion = "Xcode 9.3";
			developmentRegion = en;
			hasScannedForEncodings = 0;
			knownRegions = (
				en,
				Base,
			);
			mainGroup = C574009624EF6801008FAC79;
			productRefGroup = C57400A024EF6801008FAC79 /* Products */;
			projectDirPath = "";
			projectRoot = "";
			targets = (
				C574009E24EF6801008FAC79 /* TDCMemoryManagement */,
			);
		};
/* End PBXProject section */

/* Begin PBXResourcesBuildPhase section */
		C574009D24EF6801008FAC79 /* Resources */ = {
			isa = PBXResourcesBuildPhase;
			buildActionMask = 2147483647;
			files = (
				C57400AF24EF6802008FAC79 /* LaunchScreen.storyboard in Resources */,
				C57400AC24EF6802008FAC79 /* Assets.xcassets in Resources */,
				C57400AA24EF6801008FAC79 /* Main.storyboard in Resources */,
			);
			runOnlyForDeploymentPostprocessing = 0;
		};
/* End PBXResourcesBuildPhase section */

/* Begin PBXSourcesBuildPhase section */
		C574009B24EF6801008FAC79 /* Sources */ = {
			isa = PBXSourcesBuildPhase;
			buildActionMask = 2147483647;
			files = (
				C57400BA24EF68CC008FAC79 /* Attendee.swift in Sources */,
				C57400B824EF683B008FAC79 /* Event.swift in Sources */,
				C57400A724EF6801008FAC79 /* ViewController.swift in Sources */,
				C57400A324EF6801008FAC79 /* AppDelegate.swift in Sources */,
				C57400A524EF6801008FAC79 /* SceneDelegate.swift in Sources */,
			);
			runOnlyForDeploymentPostprocessing = 0;
		};
/* End PBXSourcesBuildPhase section */

/* Begin PBXVariantGroup section */
		C57400A824EF6801008FAC79 /* Main.storyboard */ = {
			isa = PBXVariantGroup;
			children = (
				C57400A924EF6801008FAC79 /* Base */,
			);
			name = Main.storyboard;
			sourceTree = "<group>";
		};
		C57400AD24EF6802008FAC79 /* LaunchScreen.storyboard */ = {
			isa = PBXVariantGroup;
			children = (
				C57400AE24EF6802008FAC79 /* Base */,
			);
			name = LaunchScreen.storyboard;
			sourceTree = "<group>";
		};
/* End PBXVariantGroup section */

/* Begin XCBuildConfiguration section */
		C57400B124EF6802008FAC79 /* Debug */ = {
			isa = XCBuildConfiguration;
			buildSettings = {
				ALWAYS_SEARCH_USER_PATHS = NO;
				CLANG_ANALYZER_NONNULL = YES;
				CLANG_ANALYZER_NUMBER_OBJECT_CONVERSION = YES_AGGRESSIVE;
				CLANG_CXX_LANGUAGE_STANDARD = "gnu++14";
				CLANG_CXX_LIBRARY = "libc++";
				CLANG_ENABLE_MODULES = YES;
				CLANG_ENABLE_OBJC_ARC = YES;
				CLANG_ENABLE_OBJC_WEAK = YES;
				CLANG_WARN_BLOCK_CAPTURE_AUTORELEASING = YES;
				CLANG_WARN_BOOL_CONVERSION = YES;
				CLANG_WARN_COMMA = YES;
				CLANG_WARN_CONSTANT_CONVERSION = YES;
				CLANG_WARN_DEPRECATED_OBJC_IMPLEMENTATIONS = YES;
				CLANG_WARN_DIRECT_OBJC_ISA_USAGE = YES_ERROR;
				CLANG_WARN_DOCUMENTATION_COMMENTS = YES;
				CLANG_WARN_EMPTY_BODY = YES;
				CLANG_WARN_ENUM_CONVERSION = YES;
				CLANG_WARN_INFINITE_RECURSION = YES;
				CLANG_WARN_INT_CONVERSION = YES;
				CLANG_WARN_NON_LITERAL_NULL_CONVERSION = YES;
				CLANG_WARN_OBJC_IMPLICIT_RETAIN_SELF = YES;
				CLANG_WARN_OBJC_LITERAL_CONVERSION = YES;
				CLANG_WARN_OBJC_ROOT_CLASS = YES_ERROR;
				CLANG_WARN_RANGE_LOOP_ANALYSIS = YES;
				CLANG_WARN_STRICT_PROTOTYPES = YES;
				CLANG_WARN_SUSPICIOUS_MOVE = YES;
				CLANG_WARN_UNGUARDED_AVAILABILITY = YES_AGGRESSIVE;
				CLANG_WARN_UNREACHABLE_CODE = YES;
				CLANG_WARN__DUPLICATE_METHOD_MATCH = YES;
				COPY_PHASE_STRIP = NO;
				DEBUG_INFORMATION_FORMAT = dwarf;
				ENABLE_STRICT_OBJC_MSGSEND = YES;
				ENABLE_TESTABILITY = YES;
				GCC_C_LANGUAGE_STANDARD = gnu11;
				GCC_DYNAMIC_NO_PIC = NO;
				GCC_NO_COMMON_BLOCKS = YES;
				GCC_OPTIMIZATION_LEVEL = 0;
				GCC_PREPROCESSOR_DEFINITIONS = (
					"DEBUG=1",
					"$(inherited)",
				);
				GCC_WARN_64_TO_32_BIT_CONVERSION = YES;
				GCC_WARN_ABOUT_RETURN_TYPE = YES_ERROR;
				GCC_WARN_UNDECLARED_SELECTOR = YES;
				GCC_WARN_UNINITIALIZED_AUTOS = YES_AGGRESSIVE;
				GCC_WARN_UNUSED_FUNCTION = YES;
				GCC_WARN_UNUSED_VARIABLE = YES;
				IPHONEOS_DEPLOYMENT_TARGET = 13.6;
				MTL_ENABLE_DEBUG_INFO = INCLUDE_SOURCE;
				MTL_FAST_MATH = YES;
				ONLY_ACTIVE_ARCH = YES;
				SDKROOT = iphoneos;
				SWIFT_ACTIVE_COMPILATION_CONDITIONS = DEBUG;
				SWIFT_OPTIMIZATION_LEVEL = "-Onone";
			};
			name = Debug;
		};
		C57400B224EF6802008FAC79 /* Release */ = {
			isa = XCBuildConfiguration;
			buildSettings = {
				ALWAYS_SEARCH_USER_PATHS = NO;
				CLANG_ANALYZER_NONNULL = YES;
				CLANG_ANALYZER_NUMBER_OBJECT_CONVERSION = YES_AGGRESSIVE;
				CLANG_CXX_LANGUAGE_STANDARD = "gnu++14";
				CLANG_CXX_LIBRARY = "libc++";
				CLANG_ENABLE_MODULES = YES;
				CLANG_ENABLE_OBJC_ARC = YES;
				CLANG_ENABLE_OBJC_WEAK = YES;
				CLANG_WARN_BLOCK_CAPTURE_AUTORELEASING = YES;
				CLANG_WARN_BOOL_CONVERSION = YES;
				CLANG_WARN_COMMA = YES;
				CLANG_WARN_CONSTANT_CONVERSION = YES;
				CLANG_WARN_DEPRECATED_OBJC_IMPLEMENTATIONS = YES;
				CLANG_WARN_DIRECT_OBJC_ISA_USAGE = YES_ERROR;
				CLANG_WARN_DOCUMENTATION_COMMENTS = YES;
				CLANG_WARN_EMPTY_BODY = YES;
				CLANG_WARN_ENUM_CONVERSION = YES;
				CLANG_WARN_INFINITE_RECURSION = YES;
				CLANG_WARN_INT_CONVERSION = YES;
				CLANG_WARN_NON_LITERAL_NULL_CONVERSION = YES;
				CLANG_WARN_OBJC_IMPLICIT_RETAIN_SELF = YES;
				CLANG_WARN_OBJC_LITERAL_CONVERSION = YES;
				CLANG_WARN_OBJC_ROOT_CLASS = YES_ERROR;
				CLANG_WARN_RANGE_LOOP_ANALYSIS = YES;
				CLANG_WARN_STRICT_PROTOTYPES = YES;
				CLANG_WARN_SUSPICIOUS_MOVE = YES;
				CLANG_WARN_UNGUARDED_AVAILABILITY = YES_AGGRESSIVE;
				CLANG_WARN_UNREACHABLE_CODE = YES;
				CLANG_WARN__DUPLICATE_METHOD_MATCH = YES;
				COPY_PHASE_STRIP = NO;
				DEBUG_INFORMATION_FORMAT = "dwarf-with-dsym";
				ENABLE_NS_ASSERTIONS = NO;
				ENABLE_STRICT_OBJC_MSGSEND = YES;
				GCC_C_LANGUAGE_STANDARD = gnu11;
				GCC_NO_COMMON_BLOCKS = YES;
				GCC_WARN_64_TO_32_BIT_CONVERSION = YES;
				GCC_WARN_ABOUT_RETURN_TYPE = YES_ERROR;
				GCC_WARN_UNDECLARED_SELECTOR = YES;
				GCC_WARN_UNINITIALIZED_AUTOS = YES_AGGRESSIVE;
				GCC_WARN_UNUSED_FUNCTION = YES;
				GCC_WARN_UNUSED_VARIABLE = YES;
				IPHONEOS_DEPLOYMENT_TARGET = 13.6;
				MTL_ENABLE_DEBUG_INFO = NO;
				MTL_FAST_MATH = YES;
				SDKROOT = iphoneos;
				SWIFT_COMPILATION_MODE = wholemodule;
				SWIFT_OPTIMIZATION_LEVEL = "-O";
				VALIDATE_PRODUCT = YES;
			};
			name = Release;
		};
		C57400B424EF6802008FAC79 /* Debug */ = {
			isa = XCBuildConfiguration;
			buildSettings = {
				ASSETCATALOG_COMPILER_APPICON_NAME = AppIcon;
				CODE_SIGN_STYLE = Automatic;
				INFOPLIST_FILE = TDCMemoryManagement/Info.plist;
				LD_RUNPATH_SEARCH_PATHS = (
					"$(inherited)",
					"@executable_path/Frameworks",
				);
				PRODUCT_BUNDLE_IDENTIFIER = tdcMM.TDCMemoryManagement;
				PRODUCT_NAME = "$(TARGET_NAME)";
				SWIFT_VERSION = 5.0;
				TARGETED_DEVICE_FAMILY = "1,2";
			};
			name = Debug;
		};
		C57400B524EF6802008FAC79 /* Release */ = {
			isa = XCBuildConfiguration;
			buildSettings = {
				ASSETCATALOG_COMPILER_APPICON_NAME = AppIcon;
				CODE_SIGN_STYLE = Automatic;
				INFOPLIST_FILE = TDCMemoryManagement/Info.plist;
				LD_RUNPATH_SEARCH_PATHS = (
					"$(inherited)",
					"@executable_path/Frameworks",
				);
				PRODUCT_BUNDLE_IDENTIFIER = tdcMM.TDCMemoryManagement;
				PRODUCT_NAME = "$(TARGET_NAME)";
				SWIFT_VERSION = 5.0;
				TARGETED_DEVICE_FAMILY = "1,2";
			};
			name = Release;
		};
/* End XCBuildConfiguration section */

/* Begin XCConfigurationList section */
		C574009A24EF6801008FAC79 /* Build configuration list for PBXProject "TDCMemoryManagement" */ = {
			isa = XCConfigurationList;
			buildConfigurations = (
				C57400B124EF6802008FAC79 /* Debug */,
				C57400B224EF6802008FAC79 /* Release */,
			);
			defaultConfigurationIsVisible = 0;
			defaultConfigurationName = Release;
		};
		C57400B324EF6802008FAC79 /* Build configuration list for PBXNativeTarget "TDCMemoryManagement" */ = {
			isa = XCConfigurationList;
			buildConfigurations = (
				C57400B424EF6802008FAC79 /* Debug */,
				C57400B524EF6802008FAC79 /* Release */,
			);
			defaultConfigurationIsVisible = 0;
			defaultConfigurationName = Release;
		};
/* End XCConfigurationList section */
	};
	rootObject = C574009724EF6801008FAC79 /* Project object */;
}
